
Microsoft Visual Studio Solution File, Format Version 12.00
# Visual Studio 14
VisualStudioVersion = 14.0.25123.0
MinimumVisualStudioVersion = 10.0.40219.1
Project("{FAE04EC0-301F-11D3-BF4B-00C04F79EFBC}") = "FirstLevel", "FirstReference\FirstLevel.csproj", "{95843D4E-A0AB-4EE3-A255-5B5C046C0D9B}"
EndProject
Project("{FAE04EC0-301F-11D3-BF4B-00C04F79EFBC}") = "SecondLevel", "SecondLevel\SecondLevel.csproj", "{957A78FA-8BF5-4933-892F-553EF3F0647F}"
EndProject
Project("{FAE04EC0-301F-11D3-BF4B-00C04F79EFBC}") = "ConsoleTest", "ConsoleTest\ConsoleTest.csproj", "{DC763E2A-EBCB-42CB-B028-C7CAA63D9B7D}"
EndProject
Global
	GlobalSection(SolutionConfigurationPlatforms) = preSolution
		Debug|Any CPU = Debug|Any CPU
		Release|Any CPU = Release|Any CPU
	EndGlobalSection
	GlobalSection(ProjectConfigurationPlatforms) = postSolution
		{95843D4E-A0AB-4EE3-A255-5B5C046C0D9B}.Debug|Any CPU.ActiveCfg = Debug|Any CPU
		{95843D4E-A0AB-4EE3-A255-5B5C046C0D9B}.Debug|Any CPU.Build.0 = Debug|Any CPU
		{95843D4E-A0AB-4EE3-A255-5B5C046C0D9B}.Release|Any CPU.ActiveCfg = Release|Any CPU
		{95843D4E-A0AB-4EE3-A255-5B5C046C0D9B}.Release|Any CPU.Build.0 = Release|Any CPU
		{957A78FA-8BF5-4933-892F-553EF3F0647F}.Debug|Any CPU.ActiveCfg = Debug|Any CPU
		{957A78FA-8BF5-4933-892F-553EF3F0647F}.Debug|Any CPU.Build.0 = Debug|Any CPU
		{957A78FA-8BF5-4933-892F-553EF3F0647F}.Release|Any CPU.ActiveCfg = Release|Any CPU
		{957A78FA-8BF5-4933-892F-553EF3F0647F}.Release|Any CPU.Build.0 = Release|Any CPU
		{DC763E2A-EBCB-42CB-B028-C7CAA63D9B7D}.Debug|Any CPU.ActiveCfg = Debug|Any CPU
		{DC763E2A-EBCB-42CB-B028-C7CAA63D9B7D}.Debug|Any CPU.Build.0 = Debug|Any CPU
		{DC763E2A-EBCB-42CB-B028-C7CAA63D9B7D}.Release|Any CPU.ActiveCfg = Release|Any CPU
		{DC763E2A-EBCB-42CB-B028-C7CAA63D9B7D}.Release|Any CPU.Build.0 = Release|Any CPU
	EndGlobalSection
	GlobalSection(SolutionProperties) = preSolution
		HideSolutionNode = FALSE
	EndGlobalSection
EndGlobal
